Microsoft Visual Studio Solution File, Format Version 8.00
Project("{8BC9CEB8-8B4A-11D0-8D11-00A0C91BC942}") = "ppl6", "ppl6-vc71.vcproj", "{444AB0EF-5091-437D-A63B-91FC0C626645}"
	ProjectSection(ProjectDependencies) = postProject
	EndProjectSection
EndProject
Project("{8BC9CEB8-8B4A-11D0-8D11-00A0C91BC942}") = "grafix", "..\ppl6-test\grafix\grafix.vcproj", "{241979D5-0663-4104-9A4E-E7F5FE38A9EA}"
	ProjectSection(ProjectDependencies) = postProject
	EndProjectSection
EndProject
Global
	GlobalSection(SolutionConfiguration) = preSolution
		Debug = Debug
		Debug-NoLibs = Debug-NoLibs
		Release = Release
	EndGlobalSection
	GlobalSection(ProjectConfiguration) = postSolution
		{444AB0EF-5091-437D-A63B-91FC0C626645}.Debug.ActiveCfg = Debug|Win32
		{444AB0EF-5091-437D-A63B-91FC0C626645}.Debug.Build.0 = Debug|Win32
		{444AB0EF-5091-437D-A63B-91FC0C626645}.Debug-NoLibs.ActiveCfg = Debug-NoLibs|Win32
		{444AB0EF-5091-437D-A63B-91FC0C626645}.Debug-NoLibs.Build.0 = Debug-NoLibs|Win32
		{444AB0EF-5091-437D-A63B-91FC0C626645}.Release.ActiveCfg = Release|Win32
		{444AB0EF-5091-437D-A63B-91FC0C626645}.Release.Build.0 = Release|Win32
		{241979D5-0663-4104-9A4E-E7F5FE38A9EA}.Debug.ActiveCfg = Debug|Win32
		{241979D5-0663-4104-9A4E-E7F5FE38A9EA}.Debug.Build.0 = Debug|Win32
		{241979D5-0663-4104-9A4E-E7F5FE38A9EA}.Debug-NoLibs.ActiveCfg = Debug|Win32
		{241979D5-0663-4104-9A4E-E7F5FE38A9EA}.Debug-NoLibs.Build.0 = Debug|Win32
		{241979D5-0663-4104-9A4E-E7F5FE38A9EA}.Release.ActiveCfg = Release|Win32
		{241979D5-0663-4104-9A4E-E7F5FE38A9EA}.Release.Build.0 = Release|Win32
	EndGlobalSection
	GlobalSection(ExtensibilityGlobals) = postSolution
	EndGlobalSection
	GlobalSection(ExtensibilityAddIns) = postSolution
	EndGlobalSection
EndGlobal
