<?xml version="1.0" encoding="utf-8"?>
<Project ToolsVersion="4.0" xmlns="http://schemas.microsoft.com/developer/msbuild/2003">
  <ItemGroup>
    <Filter Include="Quelldateien">
      <UniqueIdentifier>{4FC737F1-C7A5-4376-A066-2A32D752A2FF}</UniqueIdentifier>
      <Extensions>cpp;c;cc;cxx;def;odl;idl;hpj;bat;asm;asmx</Extensions>
    </Filter>
    <Filter Include="Headerdateien">
      <UniqueIdentifier>{93995380-89BD-4b04-88EB-625FBE52EBFB}</UniqueIdentifier>
      <Extensions>h;hh;hpp;hxx;hm;inl;inc;xsd</Extensions>
    </Filter>
    <Filter Include="Ressourcendateien">
      <UniqueIdentifier>{67DA6AB6-F800-4c08-8B7A-83BB121AAD01}</UniqueIdentifier>
      <Extensions>rc;ico;cur;bmp;dlg;rc2;rct;bin;rgs;gif;jpg;jpeg;jpe;resx;tiff;tif;png;wav;mfcribbon-ms</Extensions>
    </Filter>
    <Filter Include="Quelldateien\Types">
      <UniqueIdentifier>{66e3414f-3a67-4d52-8ffc-53c1959c915e}</UniqueIdentifier>
    </Filter>
    <Filter Include="Quelldateien\Core">
      <UniqueIdentifier>{3a8e2399-8b23-4023-853c-954a5915e0cd}</UniqueIdentifier>
    </Filter>
    <Filter Include="Quelldateien\Assembler">
      <UniqueIdentifier>{95507578-a2c6-4b6b-b375-3f35bfbb6f93}</UniqueIdentifier>
    </Filter>
    <Filter Include="Quelldateien\Math">
      <UniqueIdentifier>{c7dafec5-b489-48f2-8678-407c3550fc4e}</UniqueIdentifier>
    </Filter>
    <Filter Include="Quelldateien\Grafix">
      <UniqueIdentifier>{d39b4bf7-3477-4635-83c3-5f81b0149947}</UniqueIdentifier>
    </Filter>
  </ItemGroup>
  <ItemGroup>
    <Text Include="ReadMe.txt" />
  </ItemGroup>
  <ItemGroup>
    <ClInclude Include="include\compat.h">
      <Filter>Headerdateien</Filter>
    </ClInclude>
    <ClInclude Include="include\crypto.h">
      <Filter>Headerdateien</Filter>
    </ClInclude>
    <ClInclude Include="include\ppl7.h">
      <Filter>Headerdateien</Filter>
    </ClInclude>
    <ClInclude Include="include\ppl7-algorithms.h">
      <Filter>Headerdateien</Filter>
    </ClInclude>
    <ClInclude Include="include\ppl7-audio.h">
      <Filter>Headerdateien</Filter>
    </ClInclude>
    <ClInclude Include="include\ppl7-crypto.h">
      <Filter>Headerdateien</Filter>
    </ClInclude>
    <ClInclude Include="include\ppl7-db.h">
      <Filter>Headerdateien</Filter>
    </ClInclude>
    <ClInclude Include="include\ppl7-exceptions.h">
      <Filter>Headerdateien</Filter>
    </ClInclude>
    <ClInclude Include="include\ppl7-grafix.h">
      <Filter>Headerdateien</Filter>
    </ClInclude>
    <ClInclude Include="include\ppl7-inet.h">
      <Filter>Headerdateien</Filter>
    </ClInclude>
    <ClInclude Include="include\ppl7-tk.h">
      <Filter>Headerdateien</Filter>
    </ClInclude>
    <ClInclude Include="include\ppl7-types.h">
      <Filter>Headerdateien</Filter>
    </ClInclude>
    <ClInclude Include="include\prolog.h">
      <Filter>Headerdateien</Filter>
    </ClInclude>
    <ClInclude Include="include\socket.h">
      <Filter>Headerdateien</Filter>
    </ClInclude>
    <ClInclude Include="include\threads.h">
      <Filter>Headerdateien</Filter>
    </ClInclude>
    <ClInclude Include="include\ppl7-visualc-config.h">
      <Filter>Headerdateien</Filter>
    </ClInclude>
  </ItemGroup>
  <ItemGroup>
    <ClCompile Include="src\types\Variant.cpp">
      <Filter>Quelldateien\Types</Filter>
    </ClCompile>
    <ClCompile Include="src\types\Pointer.cpp">
      <Filter>Quelldateien\Types</Filter>
    </ClCompile>
    <ClCompile Include="src\types\Array.cpp">
      <Filter>Quelldateien\Types</Filter>
    </ClCompile>
    <ClCompile Include="src\types\String.cpp">
      <Filter>Quelldateien\Types</Filter>
    </ClCompile>
    <ClCompile Include="src\core\Compat.cpp">
      <Filter>Quelldateien\Core</Filter>
    </ClCompile>
    <ClCompile Include="src\types\ByteArray.cpp">
      <Filter>Quelldateien\Types</Filter>
    </ClCompile>
    <ClCompile Include="src\types\ByteArrayPtr.cpp">
      <Filter>Quelldateien\Types</Filter>
    </ClCompile>
    <ClCompile Include="src\types\AssocArray.cpp">
      <Filter>Quelldateien\Types</Filter>
    </ClCompile>
    <ClCompile Include="src\types\DateTime.cpp">
      <Filter>Quelldateien\Types</Filter>
    </ClCompile>
    <ClCompile Include="src\types\WideString.cpp">
      <Filter>Quelldateien\Types</Filter>
    </ClCompile>
    <ClCompile Include="src\core\AVLTree.cpp">
      <Filter>Quelldateien\Core</Filter>
    </ClCompile>
    <ClCompile Include="src\core\Compression.cpp">
      <Filter>Quelldateien\Core</Filter>
    </ClCompile>
    <ClCompile Include="src\core\ConfigParser.cpp">
      <Filter>Quelldateien\Core</Filter>
    </ClCompile>
    <ClCompile Include="src\core\cpu.cpp">
      <Filter>Quelldateien\Core</Filter>
    </ClCompile>
    <ClCompile Include="src\core\DirEntry.cpp">
      <Filter>Quelldateien\Core</Filter>
    </ClCompile>
    <ClCompile Include="src\core\Exceptions.cpp">
      <Filter>Quelldateien\Core</Filter>
    </ClCompile>
    <ClCompile Include="src\core\Functions.cpp">
      <Filter>Quelldateien\Core</Filter>
    </ClCompile>
    <ClCompile Include="src\core\StringFunctions.cpp">
      <Filter>Quelldateien\Core</Filter>
    </ClCompile>
    <ClCompile Include="src\math\calc.cpp">
      <Filter>Quelldateien\Math</Filter>
    </ClCompile>
    <ClCompile Include="src\math\crc32.cpp">
      <Filter>Quelldateien\Math</Filter>
    </ClCompile>
    <ClCompile Include="src\math\md5.cpp">
      <Filter>Quelldateien\Math</Filter>
    </ClCompile>
    <ClCompile Include="src\math\random.cpp">
      <Filter>Quelldateien\Math</Filter>
    </ClCompile>
    <ClCompile Include="src\core\MemoryGroup.cpp">
      <Filter>Quelldateien\Core</Filter>
    </ClCompile>
    <ClCompile Include="src\core\MemoryHeap.cpp">
      <Filter>Quelldateien\Core</Filter>
    </ClCompile>
    <ClCompile Include="src\core\Iconv.cpp">
      <Filter>Quelldateien\Core</Filter>
    </ClCompile>
    <ClCompile Include="src\core\Time.cpp">
      <Filter>Quelldateien\Core</Filter>
    </ClCompile>
    <ClCompile Include="src\core\Mutex.cpp">
      <Filter>Quelldateien\Core</Filter>
    </ClCompile>
    <ClCompile Include="src\core\PerlHelper.cpp">
      <Filter>Quelldateien\Core</Filter>
    </ClCompile>
    <ClCompile Include="src\core\PFPFile.cpp">
      <Filter>Quelldateien\Core</Filter>
    </ClCompile>
    <ClCompile Include="src\core\Resource.cpp">
      <Filter>Quelldateien\Core</Filter>
    </ClCompile>
    <ClCompile Include="src\core\Resourcen.cpp">
      <Filter>Quelldateien\Core</Filter>
    </ClCompile>
    <ClCompile Include="src\core\Threads.cpp">
      <Filter>Quelldateien\Core</Filter>
    </ClCompile>
    <ClCompile Include="src\grafix\Color.cpp">
      <Filter>Quelldateien\Grafix</Filter>
    </ClCompile>
    <ClCompile Include="src\grafix\Drawable.cpp">
      <Filter>Quelldateien\Grafix</Filter>
    </ClCompile>
    <ClCompile Include="src\grafix\DrawableBlit.cpp">
      <Filter>Quelldateien\Grafix</Filter>
    </ClCompile>
    <ClCompile Include="src\grafix\DrawableColor.cpp">
      <Filter>Quelldateien\Grafix</Filter>
    </ClCompile>
    <ClCompile Include="src\grafix\DrawableLines.cpp">
      <Filter>Quelldateien\Grafix</Filter>
    </ClCompile>
    <ClCompile Include="src\grafix\DrawablePixel.cpp">
      <Filter>Quelldateien\Grafix</Filter>
    </ClCompile>
    <ClCompile Include="src\grafix\DrawableShapes.cpp">
      <Filter>Quelldateien\Grafix</Filter>
    </ClCompile>
    <ClCompile Include="src\grafix\Font4.cpp">
      <Filter>Quelldateien\Grafix</Filter>
    </ClCompile>
    <ClCompile Include="src\grafix\Font5.cpp">
      <Filter>Quelldateien\Grafix</Filter>
    </ClCompile>
    <ClCompile Include="src\grafix\Font6.cpp">
      <Filter>Quelldateien\Grafix</Filter>
    </ClCompile>
    <ClCompile Include="src\grafix\FontFreeType.cpp">
      <Filter>Quelldateien\Grafix</Filter>
    </ClCompile>
    <ClCompile Include="src\grafix\Fonts.cpp">
      <Filter>Quelldateien\Grafix</Filter>
    </ClCompile>
    <ClCompile Include="src\grafix\Grafix.cpp">
      <Filter>Quelldateien\Grafix</Filter>
    </ClCompile>
    <ClCompile Include="src\grafix\Image.cpp">
      <Filter>Quelldateien\Grafix</Filter>
    </ClCompile>
    <ClCompile Include="src\grafix\ImageFilter.cpp">
      <Filter>Quelldateien\Grafix</Filter>
    </ClCompile>
    <ClCompile Include="src\grafix\ImageFilter_BMP.cpp">
      <Filter>Quelldateien\Grafix</Filter>
    </ClCompile>
    <ClCompile Include="src\grafix\ImageFilter_GIF.cpp">
      <Filter>Quelldateien\Grafix</Filter>
    </ClCompile>
    <ClCompile Include="src\grafix\ImageFilter_JPEG.cpp">
      <Filter>Quelldateien\Grafix</Filter>
    </ClCompile>
    <ClCompile Include="src\grafix\ImageFilter_PNG.cpp">
      <Filter>Quelldateien\Grafix</Filter>
    </ClCompile>
    <ClCompile Include="src\grafix\ImageFilter_PPM.cpp">
      <Filter>Quelldateien\Grafix</Filter>
    </ClCompile>
    <ClCompile Include="src\grafix\ImageFilter_TGA.cpp">
      <Filter>Quelldateien\Grafix</Filter>
    </ClCompile>
    <ClCompile Include="src\grafix\ImageFilter_TIFF.cpp">
      <Filter>Quelldateien\Grafix</Filter>
    </ClCompile>
    <ClCompile Include="src\grafix\ImageList.cpp">
      <Filter>Quelldateien\Grafix</Filter>
    </ClCompile>
    <ClCompile Include="src\grafix\Point.cpp">
      <Filter>Quelldateien\Grafix</Filter>
    </ClCompile>
    <ClCompile Include="src\grafix\Point3D.cpp">
      <Filter>Quelldateien\Grafix</Filter>
    </ClCompile>
    <ClCompile Include="src\grafix\Rect.cpp">
      <Filter>Quelldateien\Grafix</Filter>
    </ClCompile>
    <ClCompile Include="src\grafix\RGBFormat.cpp">
      <Filter>Quelldateien\Grafix</Filter>
    </ClCompile>
    <ClCompile Include="src\grafix\Size.cpp">
      <Filter>Quelldateien\Grafix</Filter>
    </ClCompile>
    <ClCompile Include="src\grafix\Sprite.cpp">
      <Filter>Quelldateien\Grafix</Filter>
    </ClCompile>
    <ClCompile Include="src\core\FileObject.cpp">
      <Filter>Quelldateien\Core</Filter>
    </ClCompile>
    <ClCompile Include="src\core\MemFile.cpp">
      <Filter>Quelldateien\Core</Filter>
    </ClCompile>
<<<<<<< HEAD
    <ClCompile Include="src\core\File.cpp">
      <Filter>Quelldateien\Core</Filter>
    </ClCompile>
=======
>>>>>>> branch 'master' of https://github.com/pfedick/pplib.git
  </ItemGroup>
  <ItemGroup>
    <None Include="src\asm\common.asm">
      <Filter>Quelldateien\Assembler</Filter>
    </None>
  </ItemGroup>
  <ItemGroup>
    <CustomBuild Include="src\asm\blt.asm">
      <Filter>Quelldateien</Filter>
    </CustomBuild>
    <CustomBuild Include="src\asm\blt_blend.asm">
      <Filter>Quelldateien</Filter>
    </CustomBuild>
    <CustomBuild Include="src\asm\chromakey.asm">
      <Filter>Quelldateien</Filter>
    </CustomBuild>
    <CustomBuild Include="src\asm\colors.asm">
      <Filter>Quelldateien</Filter>
    </CustomBuild>
    <CustomBuild Include="src\asm\cpu.asm">
      <Filter>Quelldateien</Filter>
    </CustomBuild>
    <CustomBuild Include="src\asm\fonts.asm">
      <Filter>Quelldateien</Filter>
    </CustomBuild>
    <CustomBuild Include="src\asm\pixel.asm">
      <Filter>Quelldateien</Filter>
    </CustomBuild>
    <CustomBuild Include="src\asm\rect.asm">
      <Filter>Quelldateien</Filter>
    </CustomBuild>
  </ItemGroup>
</Project>