<?xml version="1.0" encoding="utf-8"?>
<Project ToolsVersion="4.0" xmlns="http://schemas.microsoft.com/developer/msbuild/2003">
  <ItemGroup>
    <Filter Include="Quelldateien">
      <UniqueIdentifier>{4FC737F1-C7A5-4376-A066-2A32D752A2FF}</UniqueIdentifier>
      <Extensions>cpp;c;cc;cxx;def;odl;idl;hpj;bat;asm;asmx</Extensions>
    </Filter>
    <Filter Include="Headerdateien">
      <UniqueIdentifier>{93995380-89BD-4b04-88EB-625FBE52EBFB}</UniqueIdentifier>
      <Extensions>h;hh;hpp;hxx;hm;inl;inc;xsd</Extensions>
    </Filter>
    <Filter Include="Ressourcendateien">
      <UniqueIdentifier>{67DA6AB6-F800-4c08-8B7A-83BB121AAD01}</UniqueIdentifier>
      <Extensions>rc;ico;cur;bmp;dlg;rc2;rct;bin;rgs;gif;jpg;jpeg;jpe;resx;tiff;tif;png;wav;mfcribbon-ms</Extensions>
    </Filter>
    <Filter Include="Quelldateien\Types">
      <UniqueIdentifier>{66e3414f-3a67-4d52-8ffc-53c1959c915e}</UniqueIdentifier>
    </Filter>
  </ItemGroup>
  <ItemGroup>
    <Text Include="ReadMe.txt" />
  </ItemGroup>
  <ItemGroup>
    <ClInclude Include="include\compat.h">
      <Filter>Headerdateien</Filter>
    </ClInclude>
    <ClInclude Include="include\crypto.h">
      <Filter>Headerdateien</Filter>
    </ClInclude>
    <ClInclude Include="include\ppl7.h">
      <Filter>Headerdateien</Filter>
    </ClInclude>
    <ClInclude Include="include\ppl7-algorithms.h">
      <Filter>Headerdateien</Filter>
    </ClInclude>
    <ClInclude Include="include\ppl7-audio.h">
      <Filter>Headerdateien</Filter>
    </ClInclude>
    <ClInclude Include="include\ppl7-crypto.h">
      <Filter>Headerdateien</Filter>
    </ClInclude>
    <ClInclude Include="include\ppl7-db.h">
      <Filter>Headerdateien</Filter>
    </ClInclude>
    <ClInclude Include="include\ppl7-exceptions.h">
      <Filter>Headerdateien</Filter>
    </ClInclude>
    <ClInclude Include="include\ppl7-grafix.h">
      <Filter>Headerdateien</Filter>
    </ClInclude>
    <ClInclude Include="include\ppl7-inet.h">
      <Filter>Headerdateien</Filter>
    </ClInclude>
    <ClInclude Include="include\ppl7-tk.h">
      <Filter>Headerdateien</Filter>
    </ClInclude>
    <ClInclude Include="include\ppl7-types.h">
      <Filter>Headerdateien</Filter>
    </ClInclude>
    <ClInclude Include="include\prolog.h">
      <Filter>Headerdateien</Filter>
    </ClInclude>
    <ClInclude Include="include\socket.h">
      <Filter>Headerdateien</Filter>
    </ClInclude>
    <ClInclude Include="include\threads.h">
      <Filter>Headerdateien</Filter>
    </ClInclude>
    <ClInclude Include="include\ppl7-visualc-config.h">
      <Filter>Headerdateien</Filter>
    </ClInclude>
  </ItemGroup>
  <ItemGroup>
    <ClCompile Include="src\types\Variant.cpp">
      <Filter>Quelldateien\Types</Filter>
    </ClCompile>
    <ClCompile Include="src\types\Pointer.cpp">
      <Filter>Quelldateien\Types</Filter>
    </ClCompile>
    <ClCompile Include="src\types\Array.cpp">
      <Filter>Quelldateien\Types</Filter>
    </ClCompile>
    <ClCompile Include="src\types\String.cpp">
      <Filter>Quelldateien\Types</Filter>
    </ClCompile>
  </ItemGroup>
</Project>